
Microsoft Visual Studio Solution File, Format Version 12.00
# Visual Studio Version 17
VisualStudioVersion = 17.9.34728.123
MinimumVisualStudioVersion = 10.0.40219.1
Project("{FAE04EC0-301F-11D3-BF4B-00C04F79EFBC}") = "Tp", "Tp\Tp.csproj", "{CF231D01-4F4A-4ACA-B67F-DCD687EF8736}"
EndProject
Global
	GlobalSection(SolutionConfigurationPlatforms) = preSolution
		Debug|Any CPU = Debug|Any CPU
		Release|Any CPU = Release|Any CPU
	EndGlobalSection
	GlobalSection(ProjectConfigurationPlatforms) = postSolution
		{CF231D01-4F4A-4ACA-B67F-DCD687EF8736}.Debug|Any CPU.ActiveCfg = Debug|Any CPU
		{CF231D01-4F4A-4ACA-B67F-DCD687EF8736}.Debug|Any CPU.Build.0 = Debug|Any CPU
		{CF231D01-4F4A-4ACA-B67F-DCD687EF8736}.Release|Any CPU.ActiveCfg = Release|Any CPU
		{CF231D01-4F4A-4ACA-B67F-DCD687EF8736}.Release|Any CPU.Build.0 = Release|Any CPU
	EndGlobalSection
	GlobalSection(SolutionProperties) = preSolution
		HideSolutionNode = FALSE
	EndGlobalSection
	GlobalSection(ExtensibilityGlobals) = postSolution
		SolutionGuid = {29D59646-648B-44CB-A99B-82287511A7B1}
	EndGlobalSection
EndGlobal
